
Microsoft Visual Studio Solution File, Format Version 12.00
# Visual Studio Version 17
VisualStudioVersion = 17.1.32127.271
MinimumVisualStudioVersion = 10.0.40219.1
Project("{FAE04EC0-301F-11D3-BF4B-00C04F79EFBC}") = "Wordle.CSharp.Backend", "Wordle.CSharp.Backend\Wordle.CSharp.Backend.csproj", "{203D8F79-B609-4699-9B36-666B131787F7}"
EndProject
Project("{FAE04EC0-301F-11D3-BF4B-00C04F79EFBC}") = "Wordle.CSharp.Console", "Wordle.CSharp.Console\Wordle.CSharp.Console.csproj", "{618AF499-D83E-4042-8877-429323FA29A3}"
EndProject
Global
	GlobalSection(SolutionConfigurationPlatforms) = preSolution
		Debug|Any CPU = Debug|Any CPU
		Release|Any CPU = Release|Any CPU
	EndGlobalSection
	GlobalSection(ProjectConfigurationPlatforms) = postSolution
		{203D8F79-B609-4699-9B36-666B131787F7}.Debug|Any CPU.ActiveCfg = Debug|Any CPU
		{203D8F79-B609-4699-9B36-666B131787F7}.Debug|Any CPU.Build.0 = Debug|Any CPU
		{203D8F79-B609-4699-9B36-666B131787F7}.Release|Any CPU.ActiveCfg = Release|Any CPU
		{203D8F79-B609-4699-9B36-666B131787F7}.Release|Any CPU.Build.0 = Release|Any CPU
		{618AF499-D83E-4042-8877-429323FA29A3}.Debug|Any CPU.ActiveCfg = Debug|Any CPU
		{618AF499-D83E-4042-8877-429323FA29A3}.Debug|Any CPU.Build.0 = Debug|Any CPU
		{618AF499-D83E-4042-8877-429323FA29A3}.Release|Any CPU.ActiveCfg = Release|Any CPU
		{618AF499-D83E-4042-8877-429323FA29A3}.Release|Any CPU.Build.0 = Release|Any CPU
	EndGlobalSection
	GlobalSection(SolutionProperties) = preSolution
		HideSolutionNode = FALSE
	EndGlobalSection
	GlobalSection(ExtensibilityGlobals) = postSolution
		SolutionGuid = {0D9C7140-61E4-426B-9382-AF85AC04B7A0}
	EndGlobalSection
EndGlobal
